// !$*UTF8*$!
{
	archiveVersion = 1;
	classes = {
	};
	objectVersion = 46;
	objects = {

/* Begin PBXBuildFile section */
		54B10DF91AD5A70700CBE561 /* main.m in Sources */ = {isa = PBXBuildFile; fileRef = 54B10DF81AD5A70700CBE561 /* main.m */; };
		54B10DFC1AD5A70700CBE561 /* AppDelegate.m in Sources */ = {isa = PBXBuildFile; fileRef = 54B10DFB1AD5A70700CBE561 /* AppDelegate.m */; };
		54B10E021AD5A70700CBE561 /* Main.storyboard in Resources */ = {isa = PBXBuildFile; fileRef = 54B10E001AD5A70700CBE561 /* Main.storyboard */; };
		54B10E041AD5A70700CBE561 /* Images.xcassets in Resources */ = {isa = PBXBuildFile; fileRef = 54B10E031AD5A70700CBE561 /* Images.xcassets */; };
		54B10E071AD5A70700CBE561 /* LaunchScreen.xib in Resources */ = {isa = PBXBuildFile; fileRef = 54B10E051AD5A70700CBE561 /* LaunchScreen.xib */; };
		54B10E131AD5A70700CBE561 /* Fast_RSS_ReaderTests.m in Sources */ = {isa = PBXBuildFile; fileRef = 54B10E121AD5A70700CBE561 /* Fast_RSS_ReaderTests.m */; };
		54B10E1E1AD5A72700CBE561 /* RSSReaderTableViewController.m in Sources */ = {isa = PBXBuildFile; fileRef = 54B10E1D1AD5A72700CBE561 /* RSSReaderTableViewController.m */; };
		54B10E211AD5A73F00CBE561 /* NSDictionary+helpers.m in Sources */ = {isa = PBXBuildFile; fileRef = 54B10E201AD5A73F00CBE561 /* NSDictionary+helpers.m */; };
		54B10E241AD5A7C900CBE561 /* FRRItemRSS.m in Sources */ = {isa = PBXBuildFile; fileRef = 54B10E231AD5A7C900CBE561 /* FRRItemRSS.m */; };
		54B10E271AD5AA1300CBE561 /* FRRFetchRSS.m in Sources */ = {isa = PBXBuildFile; fileRef = 54B10E261AD5AA1300CBE561 /* FRRFetchRSS.m */; };
		54B10E2A1AD5D25C00CBE561 /* FRRCacheJSON.m in Sources */ = {isa = PBXBuildFile; fileRef = 54B10E291AD5D25C00CBE561 /* FRRCacheJSON.m */; };
/* End PBXBuildFile section */

/* Begin PBXContainerItemProxy section */
		54B10E0D1AD5A70700CBE561 /* PBXContainerItemProxy */ = {
			isa = PBXContainerItemProxy;
			containerPortal = 54B10DEB1AD5A70700CBE561 /* Project object */;
			proxyType = 1;
			remoteGlobalIDString = 54B10DF21AD5A70700CBE561;
			remoteInfo = "Fast RSS Reader";
		};
/* End PBXContainerItemProxy section */

/* Begin PBXFileReference section */
		54B10DF31AD5A70700CBE561 /* Fast RSS Reader.app */ = {isa = PBXFileReference; explicitFileType = wrapper.application; includeInIndex = 0; path = "Fast RSS Reader.app"; sourceTree = BUILT_PRODUCTS_DIR; };
		54B10DF71AD5A70700CBE561 /* Info.plist */ = {isa = PBXFileReference; lastKnownFileType = text.plist.xml; path = Info.plist; sourceTree = "<group>"; };
		54B10DF81AD5A70700CBE561 /* main.m */ = {isa = PBXFileReference; lastKnownFileType = sourcecode.c.objc; path = main.m; sourceTree = "<group>"; };
		54B10DFA1AD5A70700CBE561 /* AppDelegate.h */ = {isa = PBXFileReference; lastKnownFileType = sourcecode.c.h; path = AppDelegate.h; sourceTree = "<group>"; };
		54B10DFB1AD5A70700CBE561 /* AppDelegate.m */ = {isa = PBXFileReference; lastKnownFileType = sourcecode.c.objc; path = AppDelegate.m; sourceTree = "<group>"; };
		54B10E011AD5A70700CBE561 /* Base */ = {isa = PBXFileReference; lastKnownFileType = file.storyboard; name = Base; path = Base.lproj/Main.storyboard; sourceTree = "<group>"; };
		54B10E031AD5A70700CBE561 /* Images.xcassets */ = {isa = PBXFileReference; lastKnownFileType = folder.assetcatalog; path = Images.xcassets; sourceTree = "<group>"; };
		54B10E061AD5A70700CBE561 /* Base */ = {isa = PBXFileReference; lastKnownFileType = file.xib; name = Base; path = Base.lproj/LaunchScreen.xib; sourceTree = "<group>"; };
		54B10E0C1AD5A70700CBE561 /* Fast RSS ReaderTests.xctest */ = {isa = PBXFileReference; explicitFileType = wrapper.cfbundle; includeInIndex = 0; path = "Fast RSS ReaderTests.xctest"; sourceTree = BUILT_PRODUCTS_DIR; };
		54B10E111AD5A70700CBE561 /* Info.plist */ = {isa = PBXFileReference; lastKnownFileType = text.plist.xml; path = Info.plist; sourceTree = "<group>"; };
		54B10E121AD5A70700CBE561 /* Fast_RSS_ReaderTests.m */ = {isa = PBXFileReference; lastKnownFileType = sourcecode.c.objc; path = Fast_RSS_ReaderTests.m; sourceTree = "<group>"; };
		54B10E1C1AD5A72700CBE561 /* RSSReaderTableViewController.h */ = {isa = PBXFileReference; fileEncoding = 4; lastKnownFileType = sourcecode.c.h; path = RSSReaderTableViewController.h; sourceTree = "<group>"; };
		54B10E1D1AD5A72700CBE561 /* RSSReaderTableViewController.m */ = {isa = PBXFileReference; fileEncoding = 4; lastKnownFileType = sourcecode.c.objc; path = RSSReaderTableViewController.m; sourceTree = "<group>"; };
		54B10E1F1AD5A73F00CBE561 /* NSDictionary+helpers.h */ = {isa = PBXFileReference; fileEncoding = 4; lastKnownFileType = sourcecode.c.h; path = "NSDictionary+helpers.h"; sourceTree = "<group>"; };
		54B10E201AD5A73F00CBE561 /* NSDictionary+helpers.m */ = {isa = PBXFileReference; fileEncoding = 4; lastKnownFileType = sourcecode.c.objc; path = "NSDictionary+helpers.m"; sourceTree = "<group>"; };
		54B10E221AD5A7C900CBE561 /* FRRItemRSS.h */ = {isa = PBXFileReference; fileEncoding = 4; lastKnownFileType = sourcecode.c.h; path = FRRItemRSS.h; sourceTree = "<group>"; };
		54B10E231AD5A7C900CBE561 /* FRRItemRSS.m */ = {isa = PBXFileReference; fileEncoding = 4; lastKnownFileType = sourcecode.c.objc; path = FRRItemRSS.m; sourceTree = "<group>"; };
		54B10E251AD5AA1300CBE561 /* FRRFetchRSS.h */ = {isa = PBXFileReference; fileEncoding = 4; lastKnownFileType = sourcecode.c.h; path = FRRFetchRSS.h; sourceTree = "<group>"; };
		54B10E261AD5AA1300CBE561 /* FRRFetchRSS.m */ = {isa = PBXFileReference; fileEncoding = 4; lastKnownFileType = sourcecode.c.objc; path = FRRFetchRSS.m; sourceTree = "<group>"; };
		54B10E281AD5D25C00CBE561 /* FRRCacheJSON.h */ = {isa = PBXFileReference; fileEncoding = 4; lastKnownFileType = sourcecode.c.h; path = FRRCacheJSON.h; sourceTree = "<group>"; };
		54B10E291AD5D25C00CBE561 /* FRRCacheJSON.m */ = {isa = PBXFileReference; fileEncoding = 4; lastKnownFileType = sourcecode.c.objc; path = FRRCacheJSON.m; sourceTree = "<group>"; };
		54DEC2501AD6E1EA001E9DA8 /* Thoughts.strings */ = {isa = PBXFileReference; lastKnownFileType = text.plist.strings; path = Thoughts.strings; sourceTree = "<group>"; };
/* End PBXFileReference section */

/* Begin PBXFrameworksBuildPhase section */
		54B10DF01AD5A70700CBE561 /* Frameworks */ = {
			isa = PBXFrameworksBuildPhase;
			buildActionMask = 2147483647;
			files = (
			);
			runOnlyForDeploymentPostprocessing = 0;
		};
		54B10E091AD5A70700CBE561 /* Frameworks */ = {
			isa = PBXFrameworksBuildPhase;
			buildActionMask = 2147483647;
			files = (
			);
			runOnlyForDeploymentPostprocessing = 0;
		};
/* End PBXFrameworksBuildPhase section */

/* Begin PBXGroup section */
		54B10DEA1AD5A70700CBE561 = {
			isa = PBXGroup;
			children = (
				54DEC2501AD6E1EA001E9DA8 /* Thoughts.strings */,
				54B10DF51AD5A70700CBE561 /* Fast RSS Reader */,
				54B10E0F1AD5A70700CBE561 /* Fast RSS ReaderTests */,
				54B10DF41AD5A70700CBE561 /* Products */,
			);
			sourceTree = "<group>";
		};
		54B10DF41AD5A70700CBE561 /* Products */ = {
			isa = PBXGroup;
			children = (
				54B10DF31AD5A70700CBE561 /* Fast RSS Reader.app */,
				54B10E0C1AD5A70700CBE561 /* Fast RSS ReaderTests.xctest */,
			);
			name = Products;
			sourceTree = "<group>";
		};
		54B10DF51AD5A70700CBE561 /* Fast RSS Reader */ = {
			isa = PBXGroup;
			children = (
				54B10DFA1AD5A70700CBE561 /* AppDelegate.h */,
				54B10DFB1AD5A70700CBE561 /* AppDelegate.m */,
				54B10E1C1AD5A72700CBE561 /* RSSReaderTableViewController.h */,
				54B10E1D1AD5A72700CBE561 /* RSSReaderTableViewController.m */,
				54B10E221AD5A7C900CBE561 /* FRRItemRSS.h */,
				54B10E231AD5A7C900CBE561 /* FRRItemRSS.m */,
				54B10E251AD5AA1300CBE561 /* FRRFetchRSS.h */,
				54B10E261AD5AA1300CBE561 /* FRRFetchRSS.m */,
				54B10E281AD5D25C00CBE561 /* FRRCacheJSON.h */,
				54B10E291AD5D25C00CBE561 /* FRRCacheJSON.m */,
				54B10E1F1AD5A73F00CBE561 /* NSDictionary+helpers.h */,
				54B10E201AD5A73F00CBE561 /* NSDictionary+helpers.m */,
				54B10E001AD5A70700CBE561 /* Main.storyboard */,
				54B10E031AD5A70700CBE561 /* Images.xcassets */,
				54B10E051AD5A70700CBE561 /* LaunchScreen.xib */,
				54B10DF61AD5A70700CBE561 /* Supporting Files */,
			);
			path = "Fast RSS Reader";
			sourceTree = "<group>";
		};
		54B10DF61AD5A70700CBE561 /* Supporting Files */ = {
			isa = PBXGroup;
			children = (
				54B10DF71AD5A70700CBE561 /* Info.plist */,
				54B10DF81AD5A70700CBE561 /* main.m */,
			);
			name = "Supporting Files";
			sourceTree = "<group>";
		};
		54B10E0F1AD5A70700CBE561 /* Fast RSS ReaderTests */ = {
			isa = PBXGroup;
			children = (
				54B10E121AD5A70700CBE561 /* Fast_RSS_ReaderTests.m */,
				54B10E101AD5A70700CBE561 /* Supporting Files */,
			);
			path = "Fast RSS ReaderTests";
			sourceTree = "<group>";
		};
		54B10E101AD5A70700CBE561 /* Supporting Files */ = {
			isa = PBXGroup;
			children = (
				54B10E111AD5A70700CBE561 /* Info.plist */,
			);
			name = "Supporting Files";
			sourceTree = "<group>";
		};
/* End PBXGroup section */

/* Begin PBXNativeTarget section */
		54B10DF21AD5A70700CBE561 /* Fast RSS Reader */ = {
			isa = PBXNativeTarget;
			buildConfigurationList = 54B10E161AD5A70700CBE561 /* Build configuration list for PBXNativeTarget "Fast RSS Reader" */;
			buildPhases = (
				54B10DEF1AD5A70700CBE561 /* Sources */,
				54B10DF01AD5A70700CBE561 /* Frameworks */,
				54B10DF11AD5A70700CBE561 /* Resources */,
			);
			buildRules = (
			);
			dependencies = (
			);
			name = "Fast RSS Reader";
			productName = "Fast RSS Reader";
			productReference = 54B10DF31AD5A70700CBE561 /* Fast RSS Reader.app */;
			productType = "com.apple.product-type.application";
		};
		54B10E0B1AD5A70700CBE561 /* Fast RSS ReaderTests */ = {
			isa = PBXNativeTarget;
			buildConfigurationList = 54B10E191AD5A70700CBE561 /* Build configuration list for PBXNativeTarget "Fast RSS ReaderTests" */;
			buildPhases = (
				54B10E081AD5A70700CBE561 /* Sources */,
				54B10E091AD5A70700CBE561 /* Frameworks */,
				54B10E0A1AD5A70700CBE561 /* Resources */,
			);
			buildRules = (
			);
			dependencies = (
				54B10E0E1AD5A70700CBE561 /* PBXTargetDependency */,
			);
			name = "Fast RSS ReaderTests";
			productName = "Fast RSS ReaderTests";
			productReference = 54B10E0C1AD5A70700CBE561 /* Fast RSS ReaderTests.xctest */;
			productType = "com.apple.product-type.bundle.unit-test";
		};
/* End PBXNativeTarget section */

/* Begin PBXProject section */
		54B10DEB1AD5A70700CBE561 /* Project object */ = {
			isa = PBXProject;
			attributes = {
				LastUpgradeCheck = 0620;
				ORGANIZATIONNAME = Usana;
				TargetAttributes = {
					54B10DF21AD5A70700CBE561 = {
						CreatedOnToolsVersion = 6.2;
						DevelopmentTeam = 2X62TMYVFJ;
					};
					54B10E0B1AD5A70700CBE561 = {
						CreatedOnToolsVersion = 6.2;
						TestTargetID = 54B10DF21AD5A70700CBE561;
					};
				};
			};
			buildConfigurationList = 54B10DEE1AD5A70700CBE561 /* Build configuration list for PBXProject "Fast RSS Reader" */;
			compatibilityVersion = "Xcode 3.2";
			developmentRegion = English;
			hasScannedForEncodings = 0;
			knownRegions = (
				en,
				Base,
			);
			mainGroup = 54B10DEA1AD5A70700CBE561;
			productRefGroup = 54B10DF41AD5A70700CBE561 /* Products */;
			projectDirPath = "";
			projectRoot = "";
			targets = (
				54B10DF21AD5A70700CBE561 /* Fast RSS Reader */,
				54B10E0B1AD5A70700CBE561 /* Fast RSS ReaderTests */,
			);
		};
/* End PBXProject section */

/* Begin PBXResourcesBuildPhase section */
		54B10DF11AD5A70700CBE561 /* Resources */ = {
			isa = PBXResourcesBuildPhase;
			buildActionMask = 2147483647;
			files = (
				54B10E021AD5A70700CBE561 /* Main.storyboard in Resources */,
				54B10E071AD5A70700CBE561 /* LaunchScreen.xib in Resources */,
				54B10E041AD5A70700CBE561 /* Images.xcassets in Resources */,
			);
			runOnlyForDeploymentPostprocessing = 0;
		};
		54B10E0A1AD5A70700CBE561 /* Resources */ = {
			isa = PBXResourcesBuildPhase;
			buildActionMask = 2147483647;
			files = (
			);
			runOnlyForDeploymentPostprocessing = 0;
		};
/* End PBXResourcesBuildPhase section */

/* Begin PBXSourcesBuildPhase section */
		54B10DEF1AD5A70700CBE561 /* Sources */ = {
			isa = PBXSourcesBuildPhase;
			buildActionMask = 2147483647;
			files = (
				54B10DFC1AD5A70700CBE561 /* AppDelegate.m in Sources */,
				54B10E241AD5A7C900CBE561 /* FRRItemRSS.m in Sources */,
				54B10E271AD5AA1300CBE561 /* FRRFetchRSS.m in Sources */,
				54B10E2A1AD5D25C00CBE561 /* FRRCacheJSON.m in Sources */,
				54B10DF91AD5A70700CBE561 /* main.m in Sources */,
				54B10E1E1AD5A72700CBE561 /* RSSReaderTableViewController.m in Sources */,
				54B10E211AD5A73F00CBE561 /* NSDictionary+helpers.m in Sources */,
			);
			runOnlyForDeploymentPostprocessing = 0;
		};
		54B10E081AD5A70700CBE561 /* Sources */ = {
			isa = PBXSourcesBuildPhase;
			buildActionMask = 2147483647;
			files = (
				54B10E131AD5A70700CBE561 /* Fast_RSS_ReaderTests.m in Sources */,
			);
			runOnlyForDeploymentPostprocessing = 0;
		};
/* End PBXSourcesBuildPhase section */

/* Begin PBXTargetDependency section */
		54B10E0E1AD5A70700CBE561 /* PBXTargetDependency */ = {
			isa = PBXTargetDependency;
			target = 54B10DF21AD5A70700CBE561 /* Fast RSS Reader */;
			targetProxy = 54B10E0D1AD5A70700CBE561 /* PBXContainerItemProxy */;
		};
/* End PBXTargetDependency section */

/* Begin PBXVariantGroup section */
		54B10E001AD5A70700CBE561 /* Main.storyboard */ = {
			isa = PBXVariantGroup;
			children = (
				54B10E011AD5A70700CBE561 /* Base */,
			);
			name = Main.storyboard;
			sourceTree = "<group>";
		};
		54B10E051AD5A70700CBE561 /* LaunchScreen.xib */ = {
			isa = PBXVariantGroup;
			children = (
				54B10E061AD5A70700CBE561 /* Base */,
			);
			name = LaunchScreen.xib;
			sourceTree = "<group>";
		};
/* End PBXVariantGroup section */

/* Begin XCBuildConfiguration section */
		54B10E141AD5A70700CBE561 /* Debug */ = {
			isa = XCBuildConfiguration;
			buildSettings = {
				ALWAYS_SEARCH_USER_PATHS = NO;
				CLANG_CXX_LANGUAGE_STANDARD = "gnu++0x";
				CLANG_CXX_LIBRARY = "libc++";
				CLANG_ENABLE_MODULES = YES;
				CLANG_ENABLE_OBJC_ARC = YES;
				CLANG_WARN_BOOL_CONVERSION = YES;
				CLANG_WARN_CONSTANT_CONVERSION = YES;
				CLANG_WARN_DIRECT_OBJC_ISA_USAGE = YES_ERROR;
				CLANG_WARN_EMPTY_BODY = YES;
				CLANG_WARN_ENUM_CONVERSION = YES;
				CLANG_WARN_INT_CONVERSION = YES;
				CLANG_WARN_OBJC_ROOT_CLASS = YES_ERROR;
				CLANG_WARN_UNREACHABLE_CODE = YES;
				CLANG_WARN__DUPLICATE_METHOD_MATCH = YES;
				"CODE_SIGN_IDENTITY[sdk=iphoneos*]" = "iPhone Developer";
				COPY_PHASE_STRIP = NO;
				ENABLE_STRICT_OBJC_MSGSEND = YES;
				GCC_C_LANGUAGE_STANDARD = gnu99;
				GCC_DYNAMIC_NO_PIC = NO;
				GCC_OPTIMIZATION_LEVEL = 0;
				GCC_PREPROCESSOR_DEFINITIONS = (
					"DEBUG=1",
					"$(inherited)",
				);
				GCC_SYMBOLS_PRIVATE_EXTERN = NO;
				GCC_WARN_64_TO_32_BIT_CONVERSION = YES;
				GCC_WARN_ABOUT_RETURN_TYPE = YES_ERROR;
				GCC_WARN_UNDECLARED_SELECTOR = YES;
				GCC_WARN_UNINITIALIZED_AUTOS = YES_AGGRESSIVE;
				GCC_WARN_UNUSED_FUNCTION = YES;
				GCC_WARN_UNUSED_VARIABLE = YES;
				IPHONEOS_DEPLOYMENT_TARGET = 8.2;
				MTL_ENABLE_DEBUG_INFO = YES;
				ONLY_ACTIVE_ARCH = YES;
				SDKROOT = iphoneos;
			};
			name = Debug;
		};
		54B10E151AD5A70700CBE561 /* Release */ = {
			isa = XCBuildConfiguration;
			buildSettings = {
				ALWAYS_SEARCH_USER_PATHS = NO;
				CLANG_CXX_LANGUAGE_STANDARD = "gnu++0x";
				CLANG_CXX_LIBRARY = "libc++";
				CLANG_ENABLE_MODULES = YES;
				CLANG_ENABLE_OBJC_ARC = YES;
				CLANG_WARN_BOOL_CONVERSION = YES;
				CLANG_WARN_CONSTANT_CONVERSION = YES;
				CLANG_WARN_DIRECT_OBJC_ISA_USAGE = YES_ERROR;
				CLANG_WARN_EMPTY_BODY = YES;
				CLANG_WARN_ENUM_CONVERSION = YES;
				CLANG_WARN_INT_CONVERSION = YES;
				CLANG_WARN_OBJC_ROOT_CLASS = YES_ERROR;
				CLANG_WARN_UNREACHABLE_CODE = YES;
				CLANG_WARN__DUPLICATE_METHOD_MATCH = YES;
				"CODE_SIGN_IDENTITY[sdk=iphoneos*]" = "iPhone Developer";
				COPY_PHASE_STRIP = NO;
				ENABLE_NS_ASSERTIONS = NO;
				ENABLE_STRICT_OBJC_MSGSEND = YES;
				GCC_C_LANGUAGE_STANDARD = gnu99;
				GCC_WARN_64_TO_32_BIT_CONVERSION = YES;
				GCC_WARN_ABOUT_RETURN_TYPE = YES_ERROR;
				GCC_WARN_UNDECLARED_SELECTOR = YES;
				GCC_WARN_UNINITIALIZED_AUTOS = YES_AGGRESSIVE;
				GCC_WARN_UNUSED_FUNCTION = YES;
				GCC_WARN_UNUSED_VARIABLE = YES;
				IPHONEOS_DEPLOYMENT_TARGET = 8.2;
				MTL_ENABLE_DEBUG_INFO = NO;
				SDKROOT = iphoneos;
				VALIDATE_PRODUCT = YES;
			};
			name = Release;
		};
		54B10E171AD5A70700CBE561 /* Debug */ = {
			isa = XCBuildConfiguration;
			buildSettings = {
				ASSETCATALOG_COMPILER_APPICON_NAME = AppIcon;
				CODE_SIGN_IDENTITY = "iPhone Developer";
				INFOPLIST_FILE = "Fast RSS Reader/Info.plist";
				IPHONEOS_DEPLOYMENT_TARGET = 8.0;
				LD_RUNPATH_SEARCH_PATHS = "$(inherited) @executable_path/Frameworks";
				PRODUCT_NAME = "$(TARGET_NAME)";
			};
			name = Debug;
		};
		54B10E181AD5A70700CBE561 /* Release */ = {
			isa = XCBuildConfiguration;
			buildSettings = {
				ASSETCATALOG_COMPILER_APPICON_NAME = AppIcon;
				CODE_SIGN_IDENTITY = "iPhone Developer";
				INFOPLIST_FILE = "Fast RSS Reader/Info.plist";
				IPHONEOS_DEPLOYMENT_TARGET = 8.0;
				LD_RUNPATH_SEARCH_PATHS = "$(inherited) @executable_path/Frameworks";
				PRODUCT_NAME = "$(TARGET_NAME)";
			};
			name = Release;
		};
		54B10E1A1AD5A70700CBE561 /* Debug */ = {
			isa = XCBuildConfiguration;
			buildSettings = {
				BUNDLE_LOADER = "$(TEST_HOST)";
				FRAMEWORK_SEARCH_PATHS = (
					"$(SDKROOT)/Developer/Library/Frameworks",
					"$(inherited)",
				);
				GCC_PREPROCESSOR_DEFINITIONS = (
					"DEBUG=1",
					"$(inherited)",
				);
				INFOPLIST_FILE = "Fast RSS ReaderTests/Info.plist";
				LD_RUNPATH_SEARCH_PATHS = "$(inherited) @executable_path/Frameworks @loader_path/Frameworks";
				PRODUCT_NAME = "$(TARGET_NAME)";
				TEST_HOST = "$(BUILT_PRODUCTS_DIR)/Fast RSS Reader.app/Fast RSS Reader";
			};
			name = Debug;
		};
		54B10E1B1AD5A70700CBE561 /* Release */ = {
			isa = XCBuildConfiguration;
			buildSettings = {
				BUNDLE_LOADER = "$(TEST_HOST)";
				FRAMEWORK_SEARCH_PATHS = (
					"$(SDKROOT)/Developer/Library/Frameworks",
					"$(inherited)",
				);
				INFOPLIST_FILE = "Fast RSS ReaderTests/Info.plist";
				LD_RUNPATH_SEARCH_PATHS = "$(inherited) @executable_path/Frameworks @loader_path/Frameworks";
				PRODUCT_NAME = "$(TARGET_NAME)";
				TEST_HOST = "$(BUILT_PRODUCTS_DIR)/Fast RSS Reader.app/Fast RSS Reader";
			};
			name = Release;
		};
/* End XCBuildConfiguration section */

/* Begin XCConfigurationList section */
		54B10DEE1AD5A70700CBE561 /* Build configuration list for PBXProject "Fast RSS Reader" */ = {
			isa = XCConfigurationList;
			buildConfigurations = (
				54B10E141AD5A70700CBE561 /* Debug */,
				54B10E151AD5A70700CBE561 /* Release */,
			);
			defaultConfigurationIsVisible = 0;
			defaultConfigurationName = Release;
		};
		54B10E161AD5A70700CBE561 /* Build configuration list for PBXNativeTarget "Fast RSS Reader" */ = {
			isa = XCConfigurationList;
			buildConfigurations = (
				54B10E171AD5A70700CBE561 /* Debug */,
				54B10E181AD5A70700CBE561 /* Release */,
			);
			defaultConfigurationIsVisible = 0;
			defaultConfigurationName = Release;
		};
		54B10E191AD5A70700CBE561 /* Build configuration list for PBXNativeTarget "Fast RSS ReaderTests" */ = {
			isa = XCConfigurationList;
			buildConfigurations = (
				54B10E1A1AD5A70700CBE561 /* Debug */,
				54B10E1B1AD5A70700CBE561 /* Release */,
			);
			defaultConfigurationIsVisible = 0;
			defaultConfigurationName = Release;
		};
/* End XCConfigurationList section */
	};
	rootObject = 54B10DEB1AD5A70700CBE561 /* Project object */;
}
